
Microsoft Visual Studio Solution File, Format Version 10.00
# Visual Studio 2008
Project("{8BC9CEB8-8B4A-11D0-8D11-00A0C91BC942}") = "TestMutex", "TestMutex\TestMutex.vcproj", "{7B74B0F1-7679-492B-842B-42C1A016A49A}"
EndProject
Global
	GlobalSection(SolutionConfigurationPlatforms) = preSolution
		Debug|Win32 = Debug|Win32
		Release|Win32 = Release|Win32
	EndGlobalSection
	GlobalSection(ProjectConfigurationPlatforms) = postSolution
		{7B74B0F1-7679-492B-842B-42C1A016A49A}.Debug|Win32.ActiveCfg = Debug|Win32
		{7B74B0F1-7679-492B-842B-42C1A016A49A}.Debug|Win32.Build.0 = Debug|Win32
		{7B74B0F1-7679-492B-842B-42C1A016A49A}.Release|Win32.ActiveCfg = Release|Win32
		{7B74B0F1-7679-492B-842B-42C1A016A49A}.Release|Win32.Build.0 = Release|Win32
	EndGlobalSection
	GlobalSection(SolutionProperties) = preSolution
		HideSolutionNode = FALSE
	EndGlobalSection
EndGlobal
